# This file is automatically @generated by Cargo.
# It is not intended for manual editing.
version = 4

[[package]]
name = "smu-compat"
version = "0.1.0"

[[package]]
name = "smu-dev"
version = "0.1.0"
dependencies = [
 "smu-compat",
]

[[package]]
name = "smu-hal"
version = "0.1.0"

[[package]]
name = "smu-hal-win"
version = "0.1.0"
dependencies = [
 "smu-hal",
 "smu-machine",
]

[[package]]
name = "smu-machine"
version = "0.1.0"
dependencies = [
 "smu-compat",
 "smu-dev",
 "smu-sh2",
 "smu-swp30",
]

[[package]]
name = "smu-sh2"
version = "0.1.0"
dependencies = [
 "smu-compat",
]

[[package]]
name = "smu-smf"
version = "0.1.0"

[[package]]
name = "smu-swp30"
version = "0.1.0"
dependencies = [
 "smu-compat",
]

[[package]]
name = "smu-tools"
version = "0.1.0"
dependencies = [
 "smu-compat",
 "smu-hal",
 "smu-hal-win",
 "smu-machine",
 "smu-smf",
 "smu-swp30",
]
